
Microsoft Visual Studio Solution File, Format Version 12.00
# Visual Studio 2013
VisualStudioVersion = 12.0.21005.1
MinimumVisualStudioVersion = 10.0.40219.1
Project("{FAE04EC0-301F-11D3-BF4B-00C04F79EFBC}") = "CameraVision", "CameraVision\CameraVision.csproj", "{33AACB5C-419B-4DB5-B526-33DEBF6D1DF4}"
EndProject
Project("{2150E333-8FDC-42A3-9474-1A3956D46DE8}") = "Tests", "Tests", "{79127999-5A00-4BE6-AEFA-FD92C9593CC1}"
EndProject
Project("{FAE04EC0-301F-11D3-BF4B-00C04F79EFBC}") = "CameraVisionTests", "Tests\CameraVisionTests\CameraVisionTests.csproj", "{9A49A0F9-F41D-4FC7-9E5E-342595472D15}"
EndProject
Global
	GlobalSection(SolutionConfigurationPlatforms) = preSolution
		Debug|Any CPU = Debug|Any CPU
		Release|Any CPU = Release|Any CPU
	EndGlobalSection
	GlobalSection(ProjectConfigurationPlatforms) = postSolution
		{33AACB5C-419B-4DB5-B526-33DEBF6D1DF4}.Debug|Any CPU.ActiveCfg = Debug|Any CPU
		{33AACB5C-419B-4DB5-B526-33DEBF6D1DF4}.Debug|Any CPU.Build.0 = Debug|Any CPU
		{33AACB5C-419B-4DB5-B526-33DEBF6D1DF4}.Release|Any CPU.ActiveCfg = Release|Any CPU
		{33AACB5C-419B-4DB5-B526-33DEBF6D1DF4}.Release|Any CPU.Build.0 = Release|Any CPU
		{9A49A0F9-F41D-4FC7-9E5E-342595472D15}.Debug|Any CPU.ActiveCfg = Debug|Any CPU
		{9A49A0F9-F41D-4FC7-9E5E-342595472D15}.Debug|Any CPU.Build.0 = Debug|Any CPU
		{9A49A0F9-F41D-4FC7-9E5E-342595472D15}.Release|Any CPU.ActiveCfg = Release|Any CPU
		{9A49A0F9-F41D-4FC7-9E5E-342595472D15}.Release|Any CPU.Build.0 = Release|Any CPU
	EndGlobalSection
	GlobalSection(SolutionProperties) = preSolution
		HideSolutionNode = FALSE
	EndGlobalSection
	GlobalSection(NestedProjects) = preSolution
		{9A49A0F9-F41D-4FC7-9E5E-342595472D15} = {79127999-5A00-4BE6-AEFA-FD92C9593CC1}
	EndGlobalSection
EndGlobal
